
Microsoft Visual Studio Solution File, Format Version 12.00
# Visual Studio Version 17
VisualStudioVersion = 17.6.33712.159
MinimumVisualStudioVersion = 10.0.40219.1
Project("{9A19103F-16F7-4668-BE54-9A1E7A4F7556}") = "LicensePlateProcessingFunctions", "LicensePlateProcessingFunctions\LicensePlateProcessingFunctions.csproj", "{C88FC52A-A59D-4878-8440-722361DD081C}"
EndProject
Project("{FAE04EC0-301F-11D3-BF4B-00C04F79EFBC}") = "LicensePlateDataModels", "LicensePlateData\LicensePlateDataModels.csproj", "{F5B73509-F3AF-49EF-B335-36294B1E4949}"
EndProject
Global
	GlobalSection(SolutionConfigurationPlatforms) = preSolution
		Debug|Any CPU = Debug|Any CPU
		Release|Any CPU = Release|Any CPU
	EndGlobalSection
	GlobalSection(ProjectConfigurationPlatforms) = postSolution
		{C88FC52A-A59D-4878-8440-722361DD081C}.Debug|Any CPU.ActiveCfg = Debug|Any CPU
		{C88FC52A-A59D-4878-8440-722361DD081C}.Debug|Any CPU.Build.0 = Debug|Any CPU
		{C88FC52A-A59D-4878-8440-722361DD081C}.Release|Any CPU.ActiveCfg = Release|Any CPU
		{C88FC52A-A59D-4878-8440-722361DD081C}.Release|Any CPU.Build.0 = Release|Any CPU
		{F5B73509-F3AF-49EF-B335-36294B1E4949}.Debug|Any CPU.ActiveCfg = Debug|Any CPU
		{F5B73509-F3AF-49EF-B335-36294B1E4949}.Debug|Any CPU.Build.0 = Debug|Any CPU
		{F5B73509-F3AF-49EF-B335-36294B1E4949}.Release|Any CPU.ActiveCfg = Release|Any CPU
		{F5B73509-F3AF-49EF-B335-36294B1E4949}.Release|Any CPU.Build.0 = Release|Any CPU
	EndGlobalSection
	GlobalSection(SolutionProperties) = preSolution
		HideSolutionNode = FALSE
	EndGlobalSection
	GlobalSection(ExtensibilityGlobals) = postSolution
		SolutionGuid = {0E9F6E42-A035-438B-B6F8-F50A874B69F7}
	EndGlobalSection
EndGlobal
